// !$*UTF8*$!
{
	archiveVersion = 1;
	classes = {
	};
	objectVersion = 77;
	objects = {

/* Begin PBXBuildFile section */
		5B18245F2D1ABD6600600BB6 /* Apollo in Frameworks */ = {isa = PBXBuildFile; productRef = 5B18245E2D1ABD6600600BB6 /* Apollo */; };
		5B1824622D1ABD9300600BB6 /* ObjectMapper in Frameworks */ = {isa = PBXBuildFile; productRef = 5B1824612D1ABD9300600BB6 /* ObjectMapper */; };
/* End PBXBuildFile section */

/* Begin PBXContainerItemProxy section */
		5B4E4C162D19B0BD00F9D33D /* PBXContainerItemProxy */ = {
			isa = PBXContainerItemProxy;
			containerPortal = 5B4E4BFB2D19B0BB00F9D33D /* Project object */;
			proxyType = 1;
			remoteGlobalIDString = 5B4E4C022D19B0BB00F9D33D;
			remoteInfo = InlineReader;
		};
		5B4E4C202D19B0BD00F9D33D /* PBXContainerItemProxy */ = {
			isa = PBXContainerItemProxy;
			containerPortal = 5B4E4BFB2D19B0BB00F9D33D /* Project object */;
			proxyType = 1;
			remoteGlobalIDString = 5B4E4C022D19B0BB00F9D33D;
			remoteInfo = InlineReader;
		};
/* End PBXContainerItemProxy section */

/* Begin PBXFileReference section */
		5B4E4C032D19B0BB00F9D33D /* InlineReader.app */ = {isa = PBXFileReference; explicitFileType = wrapper.application; includeInIndex = 0; path = InlineReader.app; sourceTree = BUILT_PRODUCTS_DIR; };
		5B4E4C152D19B0BD00F9D33D /* InlineReaderTests.xctest */ = {isa = PBXFileReference; explicitFileType = wrapper.cfbundle; includeInIndex = 0; path = InlineReaderTests.xctest; sourceTree = BUILT_PRODUCTS_DIR; };
		5B4E4C1F2D19B0BD00F9D33D /* InlineReaderUITests.xctest */ = {isa = PBXFileReference; explicitFileType = wrapper.cfbundle; includeInIndex = 0; path = InlineReaderUITests.xctest; sourceTree = BUILT_PRODUCTS_DIR; };
/* End PBXFileReference section */

/* Begin PBXFileSystemSynchronizedBuildFileExceptionSet section */
		5B1824702D1B115000600BB6 /* Exceptions for "InlineReader" folder in "InlineReader" target */ = {
			isa = PBXFileSystemSynchronizedBuildFileExceptionSet;
			membershipExceptions = (
				Info.plist,
			);
			target = 5B4E4C022D19B0BB00F9D33D /* InlineReader */;
		};
/* End PBXFileSystemSynchronizedBuildFileExceptionSet section */

/* Begin PBXFileSystemSynchronizedRootGroup section */
		5B4E4C052D19B0BB00F9D33D /* InlineReader */ = {
			isa = PBXFileSystemSynchronizedRootGroup;
			exceptions = (
				5B1824702D1B115000600BB6 /* Exceptions for "InlineReader" folder in "InlineReader" target */,
			);
			path = InlineReader;
			sourceTree = "<group>";
		};
		5B4E4C182D19B0BD00F9D33D /* InlineReaderTests */ = {
			isa = PBXFileSystemSynchronizedRootGroup;
			path = InlineReaderTests;
			sourceTree = "<group>";
		};
		5B4E4C222D19B0BD00F9D33D /* InlineReaderUITests */ = {
			isa = PBXFileSystemSynchronizedRootGroup;
			path = InlineReaderUITests;
			sourceTree = "<group>";
		};
/* End PBXFileSystemSynchronizedRootGroup section */

/* Begin PBXFrameworksBuildPhase section */
		5B4E4C002D19B0BB00F9D33D /* Frameworks */ = {
			isa = PBXFrameworksBuildPhase;
			buildActionMask = 2147483647;
			files = (
				5B1824622D1ABD9300600BB6 /* ObjectMapper in Frameworks */,
				5B18245F2D1ABD6600600BB6 /* Apollo in Frameworks */,
			);
			runOnlyForDeploymentPostprocessing = 0;
		};
		5B4E4C122D19B0BD00F9D33D /* Frameworks */ = {
			isa = PBXFrameworksBuildPhase;
			buildActionMask = 2147483647;
			files = (
			);
			runOnlyForDeploymentPostprocessing = 0;
		};
		5B4E4C1C2D19B0BD00F9D33D /* Frameworks */ = {
			isa = PBXFrameworksBuildPhase;
			buildActionMask = 2147483647;
			files = (
			);
			runOnlyForDeploymentPostprocessing = 0;
		};
/* End PBXFrameworksBuildPhase section */

/* Begin PBXGroup section */
		5B4E4BFA2D19B0BB00F9D33D = {
			isa = PBXGroup;
			children = (
				5B4E4C052D19B0BB00F9D33D /* InlineReader */,
				5B4E4C182D19B0BD00F9D33D /* InlineReaderTests */,
				5B4E4C222D19B0BD00F9D33D /* InlineReaderUITests */,
				5B4E4C042D19B0BB00F9D33D /* Products */,
			);
			sourceTree = "<group>";
		};
		5B4E4C042D19B0BB00F9D33D /* Products */ = {
			isa = PBXGroup;
			children = (
				5B4E4C032D19B0BB00F9D33D /* InlineReader.app */,
				5B4E4C152D19B0BD00F9D33D /* InlineReaderTests.xctest */,
				5B4E4C1F2D19B0BD00F9D33D /* InlineReaderUITests.xctest */,
			);
			name = Products;
			sourceTree = "<group>";
		};
/* End PBXGroup section */

/* Begin PBXNativeTarget section */
		5B4E4C022D19B0BB00F9D33D /* InlineReader */ = {
			isa = PBXNativeTarget;
			buildConfigurationList = 5B4E4C292D19B0BD00F9D33D /* Build configuration list for PBXNativeTarget "InlineReader" */;
			buildPhases = (
				5B4E4BFF2D19B0BB00F9D33D /* Sources */,
				5B4E4C002D19B0BB00F9D33D /* Frameworks */,
				5B4E4C012D19B0BB00F9D33D /* Resources */,
			);
			buildRules = (
			);
			dependencies = (
			);
			fileSystemSynchronizedGroups = (
				5B4E4C052D19B0BB00F9D33D /* InlineReader */,
			);
			name = InlineReader;
			packageProductDependencies = (
				5B18245E2D1ABD6600600BB6 /* Apollo */,
				5B1824612D1ABD9300600BB6 /* ObjectMapper */,
			);
			productName = InlineReader;
			productReference = 5B4E4C032D19B0BB00F9D33D /* InlineReader.app */;
			productType = "com.apple.product-type.application";
		};
		5B4E4C142D19B0BD00F9D33D /* InlineReaderTests */ = {
			isa = PBXNativeTarget;
			buildConfigurationList = 5B4E4C2C2D19B0BD00F9D33D /* Build configuration list for PBXNativeTarget "InlineReaderTests" */;
			buildPhases = (
				5B4E4C112D19B0BD00F9D33D /* Sources */,
				5B4E4C122D19B0BD00F9D33D /* Frameworks */,
				5B4E4C132D19B0BD00F9D33D /* Resources */,
			);
			buildRules = (
			);
			dependencies = (
				5B4E4C172D19B0BD00F9D33D /* PBXTargetDependency */,
			);
			fileSystemSynchronizedGroups = (
				5B4E4C182D19B0BD00F9D33D /* InlineReaderTests */,
			);
			name = InlineReaderTests;
			packageProductDependencies = (
			);
			productName = InlineReaderTests;
			productReference = 5B4E4C152D19B0BD00F9D33D /* InlineReaderTests.xctest */;
			productType = "com.apple.product-type.bundle.unit-test";
		};
		5B4E4C1E2D19B0BD00F9D33D /* InlineReaderUITests */ = {
			isa = PBXNativeTarget;
			buildConfigurationList = 5B4E4C2F2D19B0BD00F9D33D /* Build configuration list for PBXNativeTarget "InlineReaderUITests" */;
			buildPhases = (
				5B4E4C1B2D19B0BD00F9D33D /* Sources */,
				5B4E4C1C2D19B0BD00F9D33D /* Frameworks */,
				5B4E4C1D2D19B0BD00F9D33D /* Resources */,
			);
			buildRules = (
			);
			dependencies = (
				5B4E4C212D19B0BD00F9D33D /* PBXTargetDependency */,
			);
			fileSystemSynchronizedGroups = (
				5B4E4C222D19B0BD00F9D33D /* InlineReaderUITests */,
			);
			name = InlineReaderUITests;
			packageProductDependencies = (
			);
			productName = InlineReaderUITests;
			productReference = 5B4E4C1F2D19B0BD00F9D33D /* InlineReaderUITests.xctest */;
			productType = "com.apple.product-type.bundle.ui-testing";
		};
/* End PBXNativeTarget section */

/* Begin PBXProject section */
		5B4E4BFB2D19B0BB00F9D33D /* Project object */ = {
			isa = PBXProject;
			attributes = {
				BuildIndependentTargetsInParallel = 1;
				LastSwiftUpdateCheck = 1600;
				LastUpgradeCheck = 1600;
				TargetAttributes = {
					5B4E4C022D19B0BB00F9D33D = {
						CreatedOnToolsVersion = 16.0;
					};
					5B4E4C142D19B0BD00F9D33D = {
						CreatedOnToolsVersion = 16.0;
						TestTargetID = 5B4E4C022D19B0BB00F9D33D;
					};
					5B4E4C1E2D19B0BD00F9D33D = {
						CreatedOnToolsVersion = 16.0;
						TestTargetID = 5B4E4C022D19B0BB00F9D33D;
					};
				};
			};
			buildConfigurationList = 5B4E4BFE2D19B0BB00F9D33D /* Build configuration list for PBXProject "InlineReader" */;
			developmentRegion = en;
			hasScannedForEncodings = 0;
			knownRegions = (
				en,
				Base,
			);
			mainGroup = 5B4E4BFA2D19B0BB00F9D33D;
			minimizedProjectReferenceProxies = 1;
			packageReferences = (
				5B18245D2D1ABD6500600BB6 /* XCRemoteSwiftPackageReference "apollo-ios" */,
				5B1824602D1ABD9300600BB6 /* XCRemoteSwiftPackageReference "ObjectMapper" */,
			);
			preferredProjectObjectVersion = 77;
			productRefGroup = 5B4E4C042D19B0BB00F9D33D /* Products */;
			projectDirPath = "";
			projectRoot = "";
			targets = (
				5B4E4C022D19B0BB00F9D33D /* InlineReader */,
				5B4E4C142D19B0BD00F9D33D /* InlineReaderTests */,
				5B4E4C1E2D19B0BD00F9D33D /* InlineReaderUITests */,
			);
		};
/* End PBXProject section */

/* Begin PBXResourcesBuildPhase section */
		5B4E4C012D19B0BB00F9D33D /* Resources */ = {
			isa = PBXResourcesBuildPhase;
			buildActionMask = 2147483647;
			files = (
			);
			runOnlyForDeploymentPostprocessing = 0;
		};
		5B4E4C132D19B0BD00F9D33D /* Resources */ = {
			isa = PBXResourcesBuildPhase;
			buildActionMask = 2147483647;
			files = (
			);
			runOnlyForDeploymentPostprocessing = 0;
		};
		5B4E4C1D2D19B0BD00F9D33D /* Resources */ = {
			isa = PBXResourcesBuildPhase;
			buildActionMask = 2147483647;
			files = (
			);
			runOnlyForDeploymentPostprocessing = 0;
		};
/* End PBXResourcesBuildPhase section */

/* Begin PBXSourcesBuildPhase section */
		5B4E4BFF2D19B0BB00F9D33D /* Sources */ = {
			isa = PBXSourcesBuildPhase;
			buildActionMask = 2147483647;
			files = (
			);
			runOnlyForDeploymentPostprocessing = 0;
		};
		5B4E4C112D19B0BD00F9D33D /* Sources */ = {
			isa = PBXSourcesBuildPhase;
			buildActionMask = 2147483647;
			files = (
			);
			runOnlyForDeploymentPostprocessing = 0;
		};
		5B4E4C1B2D19B0BD00F9D33D /* Sources */ = {
			isa = PBXSourcesBuildPhase;
			buildActionMask = 2147483647;
			files = (
			);
			runOnlyForDeploymentPostprocessing = 0;
		};
/* End PBXSourcesBuildPhase section */

/* Begin PBXTargetDependency section */
		5B4E4C172D19B0BD00F9D33D /* PBXTargetDependency */ = {
			isa = PBXTargetDependency;
			target = 5B4E4C022D19B0BB00F9D33D /* InlineReader */;
			targetProxy = 5B4E4C162D19B0BD00F9D33D /* PBXContainerItemProxy */;
		};
		5B4E4C212D19B0BD00F9D33D /* PBXTargetDependency */ = {
			isa = PBXTargetDependency;
			target = 5B4E4C022D19B0BB00F9D33D /* InlineReader */;
			targetProxy = 5B4E4C202D19B0BD00F9D33D /* PBXContainerItemProxy */;
		};
/* End PBXTargetDependency section */

/* Begin XCBuildConfiguration section */
		5B4E4C272D19B0BD00F9D33D /* Debug */ = {
			isa = XCBuildConfiguration;
			baseConfigurationReferenceAnchor = 5B4E4C052D19B0BB00F9D33D /* InlineReader */;
			baseConfigurationReferenceRelativePath = Environments/DebugConfig.xcconfig;
			buildSettings = {
				ALWAYS_SEARCH_USER_PATHS = NO;
				ASSETCATALOG_COMPILER_GENERATE_SWIFT_ASSET_SYMBOL_EXTENSIONS = YES;
				CLANG_ANALYZER_NONNULL = YES;
				CLANG_ANALYZER_NUMBER_OBJECT_CONVERSION = YES_AGGRESSIVE;
				CLANG_CXX_LANGUAGE_STANDARD = "gnu++20";
				CLANG_ENABLE_MODULES = YES;
				CLANG_ENABLE_OBJC_ARC = YES;
				CLANG_ENABLE_OBJC_WEAK = YES;
				CLANG_WARN_BLOCK_CAPTURE_AUTORELEASING = YES;
				CLANG_WARN_BOOL_CONVERSION = YES;
				CLANG_WARN_COMMA = YES;
				CLANG_WARN_CONSTANT_CONVERSION = YES;
				CLANG_WARN_DEPRECATED_OBJC_IMPLEMENTATIONS = YES;
				CLANG_WARN_DIRECT_OBJC_ISA_USAGE = YES_ERROR;
				CLANG_WARN_DOCUMENTATION_COMMENTS = YES;
				CLANG_WARN_EMPTY_BODY = YES;
				CLANG_WARN_ENUM_CONVERSION = YES;
				CLANG_WARN_INFINITE_RECURSION = YES;
				CLANG_WARN_INT_CONVERSION = YES;
				CLANG_WARN_NON_LITERAL_NULL_CONVERSION = YES;
				CLANG_WARN_OBJC_IMPLICIT_RETAIN_SELF = YES;
				CLANG_WARN_OBJC_LITERAL_CONVERSION = YES;
				CLANG_WARN_OBJC_ROOT_CLASS = YES_ERROR;
				CLANG_WARN_QUOTED_INCLUDE_IN_FRAMEWORK_HEADER = YES;
				CLANG_WARN_RANGE_LOOP_ANALYSIS = YES;
				CLANG_WARN_STRICT_PROTOTYPES = YES;
				CLANG_WARN_SUSPICIOUS_MOVE = YES;
				CLANG_WARN_UNGUARDED_AVAILABILITY = YES_AGGRESSIVE;
				CLANG_WARN_UNREACHABLE_CODE = YES;
				CLANG_WARN__DUPLICATE_METHOD_MATCH = YES;
				COPY_PHASE_STRIP = NO;
				DEBUG_INFORMATION_FORMAT = dwarf;
				ENABLE_STRICT_OBJC_MSGSEND = YES;
				ENABLE_TESTABILITY = YES;
				ENABLE_USER_SCRIPT_SANDBOXING = YES;
				GCC_C_LANGUAGE_STANDARD = gnu17;
				GCC_DYNAMIC_NO_PIC = NO;
				GCC_NO_COMMON_BLOCKS = YES;
				GCC_OPTIMIZATION_LEVEL = 0;
				GCC_PREPROCESSOR_DEFINITIONS = (
					"DEBUG=1",
					"$(inherited)",
				);
				GCC_WARN_64_TO_32_BIT_CONVERSION = YES;
				GCC_WARN_ABOUT_RETURN_TYPE = YES_ERROR;
				GCC_WARN_UNDECLARED_SELECTOR = YES;
				GCC_WARN_UNINITIALIZED_AUTOS = YES_AGGRESSIVE;
				GCC_WARN_UNUSED_FUNCTION = YES;
				GCC_WARN_UNUSED_VARIABLE = YES;
				IPHONEOS_DEPLOYMENT_TARGET = 18.0;
				LOCALIZATION_PREFERS_STRING_CATALOGS = YES;
				MTL_ENABLE_DEBUG_INFO = INCLUDE_SOURCE;
				MTL_FAST_MATH = YES;
				ONLY_ACTIVE_ARCH = YES;
				SDKROOT = iphoneos;
				SWIFT_ACTIVE_COMPILATION_CONDITIONS = "DEBUG $(inherited)";
				SWIFT_OPTIMIZATION_LEVEL = "-Onone";
			};
			name = Debug;
		};
		5B4E4C282D19B0BD00F9D33D /* Release */ = {
			isa = XCBuildConfiguration;
			buildSettings = {
				ALWAYS_SEARCH_USER_PATHS = NO;
				ASSETCATALOG_COMPILER_GENERATE_SWIFT_ASSET_SYMBOL_EXTENSIONS = YES;
				CLANG_ANALYZER_NONNULL = YES;
				CLANG_ANALYZER_NUMBER_OBJECT_CONVERSION = YES_AGGRESSIVE;
				CLANG_CXX_LANGUAGE_STANDARD = "gnu++20";
				CLANG_ENABLE_MODULES = YES;
				CLANG_ENABLE_OBJC_ARC = YES;
				CLANG_ENABLE_OBJC_WEAK = YES;
				CLANG_WARN_BLOCK_CAPTURE_AUTORELEASING = YES;
				CLANG_WARN_BOOL_CONVERSION = YES;
				CLANG_WARN_COMMA = YES;
				CLANG_WARN_CONSTANT_CONVERSION = YES;
				CLANG_WARN_DEPRECATED_OBJC_IMPLEMENTATIONS = YES;
				CLANG_WARN_DIRECT_OBJC_ISA_USAGE = YES_ERROR;
				CLANG_WARN_DOCUMENTATION_COMMENTS = YES;
				CLANG_WARN_EMPTY_BODY = YES;
				CLANG_WARN_ENUM_CONVERSION = YES;
				CLANG_WARN_INFINITE_RECURSION = YES;
				CLANG_WARN_INT_CONVERSION = YES;
				CLANG_WARN_NON_LITERAL_NULL_CONVERSION = YES;
				CLANG_WARN_OBJC_IMPLICIT_RETAIN_SELF = YES;
				CLANG_WARN_OBJC_LITERAL_CONVERSION = YES;
				CLANG_WARN_OBJC_ROOT_CLASS = YES_ERROR;
				CLANG_WARN_QUOTED_INCLUDE_IN_FRAMEWORK_HEADER = YES;
				CLANG_WARN_RANGE_LOOP_ANALYSIS = YES;
				CLANG_WARN_STRICT_PROTOTYPES = YES;
				CLANG_WARN_SUSPICIOUS_MOVE = YES;
				CLANG_WARN_UNGUARDED_AVAILABILITY = YES_AGGRESSIVE;
				CLANG_WARN_UNREACHABLE_CODE = YES;
				CLANG_WARN__DUPLICATE_METHOD_MATCH = YES;
				COPY_PHASE_STRIP = NO;
				DEBUG_INFORMATION_FORMAT = "dwarf-with-dsym";
				ENABLE_NS_ASSERTIONS = NO;
				ENABLE_STRICT_OBJC_MSGSEND = YES;
				ENABLE_USER_SCRIPT_SANDBOXING = YES;
				GCC_C_LANGUAGE_STANDARD = gnu17;
				GCC_NO_COMMON_BLOCKS = YES;
				GCC_WARN_64_TO_32_BIT_CONVERSION = YES;
				GCC_WARN_ABOUT_RETURN_TYPE = YES_ERROR;
				GCC_WARN_UNDECLARED_SELECTOR = YES;
				GCC_WARN_UNINITIALIZED_AUTOS = YES_AGGRESSIVE;
				GCC_WARN_UNUSED_FUNCTION = YES;
				GCC_WARN_UNUSED_VARIABLE = YES;
				IPHONEOS_DEPLOYMENT_TARGET = 18.0;
				LOCALIZATION_PREFERS_STRING_CATALOGS = YES;
				MTL_ENABLE_DEBUG_INFO = NO;
				MTL_FAST_MATH = YES;
				SDKROOT = iphoneos;
				SWIFT_COMPILATION_MODE = wholemodule;
				VALIDATE_PRODUCT = YES;
			};
			name = Release;
		};
		5B4E4C2A2D19B0BD00F9D33D /* Debug */ = {
			isa = XCBuildConfiguration;
			baseConfigurationReferenceAnchor = 5B4E4C052D19B0BB00F9D33D /* InlineReader */;
			baseConfigurationReferenceRelativePath = Environments/DebugConfig.xcconfig;
			buildSettings = {
				ASSETCATALOG_COMPILER_APPICON_NAME = AppIcon;
				ASSETCATALOG_COMPILER_GLOBAL_ACCENT_COLOR_NAME = AccentColor;
				CODE_SIGN_STYLE = Automatic;
				CURRENT_PROJECT_VERSION = 1;
				DEVELOPMENT_ASSET_PATHS = "\"InlineReader/Preview Content\"";
				DEVELOPMENT_TEAM = TND8D4Z4B7;
				ENABLE_PREVIEWS = YES;
				GENERATE_INFOPLIST_FILE = YES;
				INFOPLIST_FILE = InlineReader/Info.plist;
				INFOPLIST_KEY_UIApplicationSceneManifest_Generation = YES;
				INFOPLIST_KEY_UIApplicationSupportsIndirectInputEvents = YES;
				INFOPLIST_KEY_UILaunchScreen_Generation = YES;
				INFOPLIST_KEY_UISupportedInterfaceOrientations = "UIInterfaceOrientationLandscapeLeft UIInterfaceOrientationLandscapeRight UIInterfaceOrientationPortrait";
				INFOPLIST_KEY_UISupportedInterfaceOrientations_iPad = "UIInterfaceOrientationLandscapeLeft UIInterfaceOrientationLandscapeRight";
				IPHONEOS_DEPLOYMENT_TARGET = 17.0;
				LD_RUNPATH_SEARCH_PATHS = (
					"$(inherited)",
					"@executable_path/Frameworks",
				);
				MARKETING_VERSION = 1.0;
				PRODUCT_BUNDLE_IDENTIFIER = tangerinecoding.InlineReader;
				PRODUCT_NAME = "$(TARGET_NAME)";
				SUPPORTED_PLATFORMS = "iphoneos iphonesimulator";
				SUPPORTS_MACCATALYST = NO;
				SUPPORTS_MAC_DESIGNED_FOR_IPHONE_IPAD = NO;
				SUPPORTS_XR_DESIGNED_FOR_IPHONE_IPAD = NO;
				SWIFT_EMIT_LOC_STRINGS = YES;
				SWIFT_VERSION = 5.0;
				TARGETED_DEVICE_FAMILY = 2;
			};
			name = Debug;
		};
		5B4E4C2B2D19B0BD00F9D33D /* Release */ = {
			isa = XCBuildConfiguration;
			buildSettings = {
				ASSETCATALOG_COMPILER_APPICON_NAME = AppIcon;
				ASSETCATALOG_COMPILER_GLOBAL_ACCENT_COLOR_NAME = AccentColor;
				CODE_SIGN_STYLE = Automatic;
				CURRENT_PROJECT_VERSION = 1;
				DEVELOPMENT_ASSET_PATHS = "\"InlineReader/Preview Content\"";
				DEVELOPMENT_TEAM = TND8D4Z4B7;
				ENABLE_PREVIEWS = YES;
				GENERATE_INFOPLIST_FILE = YES;
				INFOPLIST_FILE = InlineReader/Info.plist;
				INFOPLIST_KEY_UIApplicationSceneManifest_Generation = YES;
				INFOPLIST_KEY_UIApplicationSupportsIndirectInputEvents = YES;
				INFOPLIST_KEY_UILaunchScreen_Generation = YES;
				INFOPLIST_KEY_UISupportedInterfaceOrientations = "UIInterfaceOrientationLandscapeLeft UIInterfaceOrientationLandscapeRight UIInterfaceOrientationPortrait";
				INFOPLIST_KEY_UISupportedInterfaceOrientations_iPad = "UIInterfaceOrientationLandscapeLeft UIInterfaceOrientationLandscapeRight";
				IPHONEOS_DEPLOYMENT_TARGET = 17.0;
				LD_RUNPATH_SEARCH_PATHS = (
					"$(inherited)",
					"@executable_path/Frameworks",
				);
				MARKETING_VERSION = 1.0;
				PRODUCT_BUNDLE_IDENTIFIER = tangerinecoding.InlineReader;
				PRODUCT_NAME = "$(TARGET_NAME)";
				SUPPORTED_PLATFORMS = "iphoneos iphonesimulator";
				SUPPORTS_MACCATALYST = NO;
				SUPPORTS_MAC_DESIGNED_FOR_IPHONE_IPAD = NO;
				SUPPORTS_XR_DESIGNED_FOR_IPHONE_IPAD = NO;
				SWIFT_EMIT_LOC_STRINGS = YES;
				SWIFT_VERSION = 5.0;
				TARGETED_DEVICE_FAMILY = 2;
			};
			name = Release;
		};
		5B4E4C2D2D19B0BD00F9D33D /* Debug */ = {
			isa = XCBuildConfiguration;
			buildSettings = {
				BUNDLE_LOADER = "$(TEST_HOST)";
				CODE_SIGN_STYLE = Automatic;
				CURRENT_PROJECT_VERSION = 1;
				DEVELOPMENT_TEAM = TND8D4Z4B7;
				GENERATE_INFOPLIST_FILE = YES;
				IPHONEOS_DEPLOYMENT_TARGET = 18.0;
				MARKETING_VERSION = 1.0;
				PRODUCT_BUNDLE_IDENTIFIER = tangerinecoding.InlineReaderTests;
				PRODUCT_NAME = "$(TARGET_NAME)";
				SWIFT_EMIT_LOC_STRINGS = NO;
				SWIFT_VERSION = 5.0;
				TARGETED_DEVICE_FAMILY = "1,2";
				TEST_HOST = "$(BUILT_PRODUCTS_DIR)/InlineReader.app/$(BUNDLE_EXECUTABLE_FOLDER_PATH)/InlineReader";
			};
			name = Debug;
		};
		5B4E4C2E2D19B0BD00F9D33D /* Release */ = {
			isa = XCBuildConfiguration;
			buildSettings = {
				BUNDLE_LOADER = "$(TEST_HOST)";
				CODE_SIGN_STYLE = Automatic;
				CURRENT_PROJECT_VERSION = 1;
				DEVELOPMENT_TEAM = TND8D4Z4B7;
				GENERATE_INFOPLIST_FILE = YES;
				IPHONEOS_DEPLOYMENT_TARGET = 18.0;
				MARKETING_VERSION = 1.0;
				PRODUCT_BUNDLE_IDENTIFIER = tangerinecoding.InlineReaderTests;
				PRODUCT_NAME = "$(TARGET_NAME)";
				SWIFT_EMIT_LOC_STRINGS = NO;
				SWIFT_VERSION = 5.0;
				TARGETED_DEVICE_FAMILY = "1,2";
				TEST_HOST = "$(BUILT_PRODUCTS_DIR)/InlineReader.app/$(BUNDLE_EXECUTABLE_FOLDER_PATH)/InlineReader";
			};
			name = Release;
		};
		5B4E4C302D19B0BD00F9D33D /* Debug */ = {
			isa = XCBuildConfiguration;
			buildSettings = {
				CODE_SIGN_STYLE = Automatic;
				CURRENT_PROJECT_VERSION = 1;
				DEVELOPMENT_TEAM = TND8D4Z4B7;
				GENERATE_INFOPLIST_FILE = YES;
				MARKETING_VERSION = 1.0;
				PRODUCT_BUNDLE_IDENTIFIER = tangerinecoding.InlineReaderUITests;
				PRODUCT_NAME = "$(TARGET_NAME)";
				SWIFT_EMIT_LOC_STRINGS = NO;
				SWIFT_VERSION = 5.0;
				TARGETED_DEVICE_FAMILY = "1,2";
				TEST_TARGET_NAME = InlineReader;
			};
			name = Debug;
		};
		5B4E4C312D19B0BD00F9D33D /* Release */ = {
			isa = XCBuildConfiguration;
			buildSettings = {
				CODE_SIGN_STYLE = Automatic;
				CURRENT_PROJECT_VERSION = 1;
				DEVELOPMENT_TEAM = TND8D4Z4B7;
				GENERATE_INFOPLIST_FILE = YES;
				MARKETING_VERSION = 1.0;
				PRODUCT_BUNDLE_IDENTIFIER = tangerinecoding.InlineReaderUITests;
				PRODUCT_NAME = "$(TARGET_NAME)";
				SWIFT_EMIT_LOC_STRINGS = NO;
				SWIFT_VERSION = 5.0;
				TARGETED_DEVICE_FAMILY = "1,2";
				TEST_TARGET_NAME = InlineReader;
			};
			name = Release;
		};
/* End XCBuildConfiguration section */

/* Begin XCConfigurationList section */
		5B4E4BFE2D19B0BB00F9D33D /* Build configuration list for PBXProject "InlineReader" */ = {
			isa = XCConfigurationList;
			buildConfigurations = (
				5B4E4C272D19B0BD00F9D33D /* Debug */,
				5B4E4C282D19B0BD00F9D33D /* Release */,
			);
			defaultConfigurationIsVisible = 0;
			defaultConfigurationName = Release;
		};
		5B4E4C292D19B0BD00F9D33D /* Build configuration list for PBXNativeTarget "InlineReader" */ = {
			isa = XCConfigurationList;
			buildConfigurations = (
				5B4E4C2A2D19B0BD00F9D33D /* Debug */,
				5B4E4C2B2D19B0BD00F9D33D /* Release */,
			);
			defaultConfigurationIsVisible = 0;
			defaultConfigurationName = Release;
		};
		5B4E4C2C2D19B0BD00F9D33D /* Build configuration list for PBXNativeTarget "InlineReaderTests" */ = {
			isa = XCConfigurationList;
			buildConfigurations = (
				5B4E4C2D2D19B0BD00F9D33D /* Debug */,
				5B4E4C2E2D19B0BD00F9D33D /* Release */,
			);
			defaultConfigurationIsVisible = 0;
			defaultConfigurationName = Release;
		};
		5B4E4C2F2D19B0BD00F9D33D /* Build configuration list for PBXNativeTarget "InlineReaderUITests" */ = {
			isa = XCConfigurationList;
			buildConfigurations = (
				5B4E4C302D19B0BD00F9D33D /* Debug */,
				5B4E4C312D19B0BD00F9D33D /* Release */,
			);
			defaultConfigurationIsVisible = 0;
			defaultConfigurationName = Release;
		};
/* End XCConfigurationList section */

/* Begin XCRemoteSwiftPackageReference section */
		5B18245D2D1ABD6500600BB6 /* XCRemoteSwiftPackageReference "apollo-ios" */ = {
			isa = XCRemoteSwiftPackageReference;
			repositoryURL = "https://github.com/apollographql/apollo-ios.git";
			requirement = {
				kind = upToNextMajorVersion;
				minimumVersion = 1.15.3;
			};
		};
		5B1824602D1ABD9300600BB6 /* XCRemoteSwiftPackageReference "ObjectMapper" */ = {
			isa = XCRemoteSwiftPackageReference;
			repositoryURL = "https://github.com/tristanhimmelman/ObjectMapper.git";
			requirement = {
				kind = upToNextMajorVersion;
				minimumVersion = 4.4.3;
			};
		};
/* End XCRemoteSwiftPackageReference section */

/* Begin XCSwiftPackageProductDependency section */
		5B18245E2D1ABD6600600BB6 /* Apollo */ = {
			isa = XCSwiftPackageProductDependency;
			package = 5B18245D2D1ABD6500600BB6 /* XCRemoteSwiftPackageReference "apollo-ios" */;
			productName = Apollo;
		};
		5B1824612D1ABD9300600BB6 /* ObjectMapper */ = {
			isa = XCSwiftPackageProductDependency;
			package = 5B1824602D1ABD9300600BB6 /* XCRemoteSwiftPackageReference "ObjectMapper" */;
			productName = ObjectMapper;
		};
/* End XCSwiftPackageProductDependency section */
	};
	rootObject = 5B4E4BFB2D19B0BB00F9D33D /* Project object */;
}
